
Microsoft Visual Studio Solution File, Format Version 12.00
# Visual Studio Version 16
VisualStudioVersion = 16.0.31129.286
MinimumVisualStudioVersion = 10.0.40219.1
Project("{2150E333-8FDC-42A3-9474-1A3956D46DE8}") = "Application", "Application", "{ADFD44C5-6F54-4F5A-A1EB-5090E6B17A18}"
EndProject
Project("{2150E333-8FDC-42A3-9474-1A3956D46DE8}") = "Backend", "Backend", "{B76AF66C-EBE0-49CE-B075-2DE871C2664C}"
EndProject
Project("{2150E333-8FDC-42A3-9474-1A3956D46DE8}") = "Domain", "Domain", "{28EF66FD-CDD8-4ABA-9A8F-EEC358E06BAB}"
EndProject
Project("{2150E333-8FDC-42A3-9474-1A3956D46DE8}") = "Infrastructure", "Infrastructure", "{9E20DDC0-301B-41F6-841A-BE2FD52E171A}"
EndProject
Project("{2150E333-8FDC-42A3-9474-1A3956D46DE8}") = "Tests", "Tests", "{271C821D-FEFB-423D-85F1-CFA80B27F5BB}"
EndProject
Project("{2150E333-8FDC-42A3-9474-1A3956D46DE8}") = "Presentation", "Presentation", "{0C904BE0-2ACD-4DA8-920C-430ABDD23B26}"
EndProject
Project("{9A19103F-16F7-4668-BE54-9A1E7A4F7556}") = "MyDB", "Presentation\MyDB.csproj", "{D9E06162-4555-4C57-967D-35C58A357138}"
EndProject
Project("{9A19103F-16F7-4668-BE54-9A1E7A4F7556}") = "MyDB.Infrastructure.BaseController", "Infrastructure\MyDB.Infrastructure.BaseController\MyDB.Infrastructure.BaseController.csproj", "{2A736B2B-7BC4-49DC-9ECC-89F1D9FDB702}"
EndProject
Project("{9A19103F-16F7-4668-BE54-9A1E7A4F7556}") = "MyDB.Backend.CRUD", "Backend\MyDB.Backend.CRUD\MyDB.Backend.CRUD.csproj", "{D4187675-0D24-4F2A-BEBB-916094C6B467}"
EndProject
Project("{9A19103F-16F7-4668-BE54-9A1E7A4F7556}") = "MyDB.Infrastructure.Tools", "Infrastructure\MyDB.Infrastructure.Tools\MyDB.Infrastructure.Tools.csproj", "{5680F8BD-6499-4565-96B7-9283DBF55B72}"
EndProject
Project("{9A19103F-16F7-4668-BE54-9A1E7A4F7556}") = "MyDB.Domain.CRUD", "Domain\MyDB.Domain.CRUD\MyDB.Domain.CRUD.csproj", "{D7F32666-EAC7-4A93-83A0-BFA2D58CCD7B}"
EndProject
Project("{9A19103F-16F7-4668-BE54-9A1E7A4F7556}") = "MyDB.Application.CRUD.DatabaseService", "Application\MyDB.Application.CRUD.Database\MyDB.Application.CRUD.DatabaseService.csproj", "{A6D4BF0A-4B7A-4143-B006-3CF4F52777D3}"
EndProject
Project("{9A19103F-16F7-4668-BE54-9A1E7A4F7556}") = "MyDB.Application.CRUD.Models", "Application\MyDB.Application.CRUD.Models\MyDB.Application.CRUD.Models.csproj", "{C1754577-0213-40EA-8EF5-2047C06E0C7F}"
EndProject
Project("{9A19103F-16F7-4668-BE54-9A1E7A4F7556}") = "MyDB.Backend.CRUD.Test", "Tests\MyDB.Backend.CRUD.Test\MyDB.Backend.CRUD.Test.csproj", "{841ED9D1-79BA-4528-BF63-9740F5CAEB24}"
EndProject
Project("{9A19103F-16F7-4668-BE54-9A1E7A4F7556}") = "MyDB.Mocks", "Tests\MyDB.Mocks\MyDB.Mocks.csproj", "{014E6158-BF6A-4A9D-A649-818C93F5A2B9}"
EndProject
Project("{9A19103F-16F7-4668-BE54-9A1E7A4F7556}") = "MyDB.Infrastructure.Cache", "Infrastructure\MyDB.Infrastructure.Cache\MyDB.Infrastructure.Cache.csproj", "{A7F208D3-F062-459A-A6C8-366DFC1E0DCE}"
EndProject
Global
	GlobalSection(SolutionConfigurationPlatforms) = preSolution
		Debug|Any CPU = Debug|Any CPU
		Release|Any CPU = Release|Any CPU
	EndGlobalSection
	GlobalSection(ProjectConfigurationPlatforms) = postSolution
		{D9E06162-4555-4C57-967D-35C58A357138}.Debug|Any CPU.ActiveCfg = Debug|Any CPU
		{D9E06162-4555-4C57-967D-35C58A357138}.Debug|Any CPU.Build.0 = Debug|Any CPU
		{D9E06162-4555-4C57-967D-35C58A357138}.Release|Any CPU.ActiveCfg = Release|Any CPU
		{D9E06162-4555-4C57-967D-35C58A357138}.Release|Any CPU.Build.0 = Release|Any CPU
		{2A736B2B-7BC4-49DC-9ECC-89F1D9FDB702}.Debug|Any CPU.ActiveCfg = Debug|Any CPU
		{2A736B2B-7BC4-49DC-9ECC-89F1D9FDB702}.Debug|Any CPU.Build.0 = Debug|Any CPU
		{2A736B2B-7BC4-49DC-9ECC-89F1D9FDB702}.Release|Any CPU.ActiveCfg = Release|Any CPU
		{2A736B2B-7BC4-49DC-9ECC-89F1D9FDB702}.Release|Any CPU.Build.0 = Release|Any CPU
		{D4187675-0D24-4F2A-BEBB-916094C6B467}.Debug|Any CPU.ActiveCfg = Debug|Any CPU
		{D4187675-0D24-4F2A-BEBB-916094C6B467}.Debug|Any CPU.Build.0 = Debug|Any CPU
		{D4187675-0D24-4F2A-BEBB-916094C6B467}.Release|Any CPU.ActiveCfg = Release|Any CPU
		{D4187675-0D24-4F2A-BEBB-916094C6B467}.Release|Any CPU.Build.0 = Release|Any CPU
		{5680F8BD-6499-4565-96B7-9283DBF55B72}.Debug|Any CPU.ActiveCfg = Debug|Any CPU
		{5680F8BD-6499-4565-96B7-9283DBF55B72}.Debug|Any CPU.Build.0 = Debug|Any CPU
		{5680F8BD-6499-4565-96B7-9283DBF55B72}.Release|Any CPU.ActiveCfg = Release|Any CPU
		{5680F8BD-6499-4565-96B7-9283DBF55B72}.Release|Any CPU.Build.0 = Release|Any CPU
		{D7F32666-EAC7-4A93-83A0-BFA2D58CCD7B}.Debug|Any CPU.ActiveCfg = Debug|Any CPU
		{D7F32666-EAC7-4A93-83A0-BFA2D58CCD7B}.Debug|Any CPU.Build.0 = Debug|Any CPU
		{D7F32666-EAC7-4A93-83A0-BFA2D58CCD7B}.Release|Any CPU.ActiveCfg = Release|Any CPU
		{D7F32666-EAC7-4A93-83A0-BFA2D58CCD7B}.Release|Any CPU.Build.0 = Release|Any CPU
		{A6D4BF0A-4B7A-4143-B006-3CF4F52777D3}.Debug|Any CPU.ActiveCfg = Debug|Any CPU
		{A6D4BF0A-4B7A-4143-B006-3CF4F52777D3}.Debug|Any CPU.Build.0 = Debug|Any CPU
		{A6D4BF0A-4B7A-4143-B006-3CF4F52777D3}.Release|Any CPU.ActiveCfg = Release|Any CPU
		{A6D4BF0A-4B7A-4143-B006-3CF4F52777D3}.Release|Any CPU.Build.0 = Release|Any CPU
		{C1754577-0213-40EA-8EF5-2047C06E0C7F}.Debug|Any CPU.ActiveCfg = Debug|Any CPU
		{C1754577-0213-40EA-8EF5-2047C06E0C7F}.Debug|Any CPU.Build.0 = Debug|Any CPU
		{C1754577-0213-40EA-8EF5-2047C06E0C7F}.Release|Any CPU.ActiveCfg = Release|Any CPU
		{C1754577-0213-40EA-8EF5-2047C06E0C7F}.Release|Any CPU.Build.0 = Release|Any CPU
		{841ED9D1-79BA-4528-BF63-9740F5CAEB24}.Debug|Any CPU.ActiveCfg = Debug|Any CPU
		{841ED9D1-79BA-4528-BF63-9740F5CAEB24}.Debug|Any CPU.Build.0 = Debug|Any CPU
		{841ED9D1-79BA-4528-BF63-9740F5CAEB24}.Release|Any CPU.ActiveCfg = Release|Any CPU
		{841ED9D1-79BA-4528-BF63-9740F5CAEB24}.Release|Any CPU.Build.0 = Release|Any CPU
		{014E6158-BF6A-4A9D-A649-818C93F5A2B9}.Debug|Any CPU.ActiveCfg = Debug|Any CPU
		{014E6158-BF6A-4A9D-A649-818C93F5A2B9}.Debug|Any CPU.Build.0 = Debug|Any CPU
		{014E6158-BF6A-4A9D-A649-818C93F5A2B9}.Release|Any CPU.ActiveCfg = Release|Any CPU
		{014E6158-BF6A-4A9D-A649-818C93F5A2B9}.Release|Any CPU.Build.0 = Release|Any CPU
		{A7F208D3-F062-459A-A6C8-366DFC1E0DCE}.Debug|Any CPU.ActiveCfg = Debug|Any CPU
		{A7F208D3-F062-459A-A6C8-366DFC1E0DCE}.Debug|Any CPU.Build.0 = Debug|Any CPU
		{A7F208D3-F062-459A-A6C8-366DFC1E0DCE}.Release|Any CPU.ActiveCfg = Release|Any CPU
		{A7F208D3-F062-459A-A6C8-366DFC1E0DCE}.Release|Any CPU.Build.0 = Release|Any CPU
	EndGlobalSection
	GlobalSection(SolutionProperties) = preSolution
		HideSolutionNode = FALSE
	EndGlobalSection
	GlobalSection(NestedProjects) = preSolution
		{D9E06162-4555-4C57-967D-35C58A357138} = {0C904BE0-2ACD-4DA8-920C-430ABDD23B26}
		{2A736B2B-7BC4-49DC-9ECC-89F1D9FDB702} = {9E20DDC0-301B-41F6-841A-BE2FD52E171A}
		{D4187675-0D24-4F2A-BEBB-916094C6B467} = {B76AF66C-EBE0-49CE-B075-2DE871C2664C}
		{5680F8BD-6499-4565-96B7-9283DBF55B72} = {9E20DDC0-301B-41F6-841A-BE2FD52E171A}
		{D7F32666-EAC7-4A93-83A0-BFA2D58CCD7B} = {28EF66FD-CDD8-4ABA-9A8F-EEC358E06BAB}
		{A6D4BF0A-4B7A-4143-B006-3CF4F52777D3} = {ADFD44C5-6F54-4F5A-A1EB-5090E6B17A18}
		{C1754577-0213-40EA-8EF5-2047C06E0C7F} = {ADFD44C5-6F54-4F5A-A1EB-5090E6B17A18}
		{841ED9D1-79BA-4528-BF63-9740F5CAEB24} = {271C821D-FEFB-423D-85F1-CFA80B27F5BB}
		{014E6158-BF6A-4A9D-A649-818C93F5A2B9} = {271C821D-FEFB-423D-85F1-CFA80B27F5BB}
		{A7F208D3-F062-459A-A6C8-366DFC1E0DCE} = {9E20DDC0-301B-41F6-841A-BE2FD52E171A}
	EndGlobalSection
	GlobalSection(ExtensibilityGlobals) = postSolution
		SolutionGuid = {75EE1B9B-2626-4B56-8AD3-02F706933E8C}
	EndGlobalSection
EndGlobal
